
Microsoft Visual Studio Solution File, Format Version 12.00
# Visual Studio 15
VisualStudioVersion = 15.0.27428.2005
MinimumVisualStudioVersion = 10.0.40219.1
Project("{FAE04EC0-301F-11D3-BF4B-00C04F79EFBC}") = "Task 9", "Task 9\Task 9.csproj", "{9E153373-7AD4-4F52-BD96-55F47A905040}"
EndProject
Global
	GlobalSection(SolutionConfigurationPlatforms) = preSolution
		Debug|Any CPU = Debug|Any CPU
		Release|Any CPU = Release|Any CPU
	EndGlobalSection
	GlobalSection(ProjectConfigurationPlatforms) = postSolution
		{9E153373-7AD4-4F52-BD96-55F47A905040}.Debug|Any CPU.ActiveCfg = Debug|Any CPU
		{9E153373-7AD4-4F52-BD96-55F47A905040}.Debug|Any CPU.Build.0 = Debug|Any CPU
		{9E153373-7AD4-4F52-BD96-55F47A905040}.Release|Any CPU.ActiveCfg = Release|Any CPU
		{9E153373-7AD4-4F52-BD96-55F47A905040}.Release|Any CPU.Build.0 = Release|Any CPU
	EndGlobalSection
	GlobalSection(SolutionProperties) = preSolution
		HideSolutionNode = FALSE
	EndGlobalSection
	GlobalSection(ExtensibilityGlobals) = postSolution
		SolutionGuid = {DC82273B-8B6D-4CD1-9287-CAE9D88642A6}
	EndGlobalSection
EndGlobal
